
Microsoft Visual Studio Solution File, Format Version 12.00
# Visual Studio 2012
Project("{FAE04EC0-301F-11D3-BF4B-00C04F79EFBC}") = "gu-s", "gu-s\gu-s.csproj", "{FBD942F4-5DFD-48F1-8885-59CE868ED341}"
EndProject
Project("{CC5FD16D-436D-48AD-A40C-5A424C6E3E79}") = "GeoIpAzure", "GeoIpAzure\GeoIpAzure.ccproj", "{D5A99A32-FCCA-4457-8D14-A86121EB0A46}"
EndProject
Project("{FAE04EC0-301F-11D3-BF4B-00C04F79EFBC}") = "WorkerRole1", "WorkerRole1\WorkerRole1.csproj", "{B7D1A66E-235E-44CE-A5B7-AC201439B8EE}"
EndProject
Global
	GlobalSection(SolutionConfigurationPlatforms) = preSolution
		Debug|Any CPU = Debug|Any CPU
		Release|Any CPU = Release|Any CPU
	EndGlobalSection
	GlobalSection(ProjectConfigurationPlatforms) = postSolution
		{FBD942F4-5DFD-48F1-8885-59CE868ED341}.Debug|Any CPU.ActiveCfg = Debug|Any CPU
		{FBD942F4-5DFD-48F1-8885-59CE868ED341}.Debug|Any CPU.Build.0 = Debug|Any CPU
		{FBD942F4-5DFD-48F1-8885-59CE868ED341}.Release|Any CPU.ActiveCfg = Release|Any CPU
		{FBD942F4-5DFD-48F1-8885-59CE868ED341}.Release|Any CPU.Build.0 = Release|Any CPU
		{D5A99A32-FCCA-4457-8D14-A86121EB0A46}.Debug|Any CPU.ActiveCfg = Debug|Any CPU
		{D5A99A32-FCCA-4457-8D14-A86121EB0A46}.Debug|Any CPU.Build.0 = Debug|Any CPU
		{D5A99A32-FCCA-4457-8D14-A86121EB0A46}.Release|Any CPU.ActiveCfg = Release|Any CPU
		{D5A99A32-FCCA-4457-8D14-A86121EB0A46}.Release|Any CPU.Build.0 = Release|Any CPU
		{B7D1A66E-235E-44CE-A5B7-AC201439B8EE}.Debug|Any CPU.ActiveCfg = Debug|Any CPU
		{B7D1A66E-235E-44CE-A5B7-AC201439B8EE}.Debug|Any CPU.Build.0 = Debug|Any CPU
		{B7D1A66E-235E-44CE-A5B7-AC201439B8EE}.Release|Any CPU.ActiveCfg = Release|Any CPU
		{B7D1A66E-235E-44CE-A5B7-AC201439B8EE}.Release|Any CPU.Build.0 = Release|Any CPU
	EndGlobalSection
	GlobalSection(SolutionProperties) = preSolution
		HideSolutionNode = FALSE
	EndGlobalSection
EndGlobal
